
Microsoft Visual Studio Solution File, Format Version 12.00
# Visual Studio Version 17
VisualStudioVersion = 17.7.34031.279
MinimumVisualStudioVersion = 10.0.40219.1
Project("{9A19103F-16F7-4668-BE54-9A1E7A4F7556}") = "CodeFirstWebApi_Library", "CodeFirstWebApi_Library\CodeFirstWebApi_Library.csproj", "{1EBBAEE6-030C-4B1E-8EC9-2CCC4D1D233D}"
EndProject
Project("{FAE04EC0-301F-11D3-BF4B-00C04F79EFBC}") = "CodeFirstWebUI_Library", "CodeFirstWebUI_Library\CodeFirstWebUI_Library.csproj", "{B87A8CB1-7287-4410-910E-8541B0556505}"
EndProject
Global
	GlobalSection(SolutionConfigurationPlatforms) = preSolution
		Debug|Any CPU = Debug|Any CPU
		Release|Any CPU = Release|Any CPU
	EndGlobalSection
	GlobalSection(ProjectConfigurationPlatforms) = postSolution
		{1EBBAEE6-030C-4B1E-8EC9-2CCC4D1D233D}.Debug|Any CPU.ActiveCfg = Debug|Any CPU
		{1EBBAEE6-030C-4B1E-8EC9-2CCC4D1D233D}.Debug|Any CPU.Build.0 = Debug|Any CPU
		{1EBBAEE6-030C-4B1E-8EC9-2CCC4D1D233D}.Release|Any CPU.ActiveCfg = Release|Any CPU
		{1EBBAEE6-030C-4B1E-8EC9-2CCC4D1D233D}.Release|Any CPU.Build.0 = Release|Any CPU
		{B87A8CB1-7287-4410-910E-8541B0556505}.Debug|Any CPU.ActiveCfg = Debug|Any CPU
		{B87A8CB1-7287-4410-910E-8541B0556505}.Debug|Any CPU.Build.0 = Debug|Any CPU
		{B87A8CB1-7287-4410-910E-8541B0556505}.Release|Any CPU.ActiveCfg = Release|Any CPU
		{B87A8CB1-7287-4410-910E-8541B0556505}.Release|Any CPU.Build.0 = Release|Any CPU
	EndGlobalSection
	GlobalSection(SolutionProperties) = preSolution
		HideSolutionNode = FALSE
	EndGlobalSection
	GlobalSection(ExtensibilityGlobals) = postSolution
		SolutionGuid = {88AC894E-D8B1-44D2-8675-F9A4D83AB72A}
	EndGlobalSection
EndGlobal
